<?xml version="1.0" encoding="utf-8"?>
<Project ToolsVersion="4.0" xmlns="http://schemas.microsoft.com/developer/msbuild/2003">
  <ItemGroup>
    <Filter Include="源文件">
      <UniqueIdentifier>{4FC737F1-C7A5-4376-A066-2A32D752A2FF}</UniqueIdentifier>
      <Extensions>cpp;c;cc;cxx;def;odl;idl;hpj;bat;asm;asmx</Extensions>
    </Filter>
    <Filter Include="头文件">
      <UniqueIdentifier>{93995380-89BD-4b04-88EB-625FBE52EBFB}</UniqueIdentifier>
      <Extensions>h;hpp;hxx;hm;inl;inc;xsd</Extensions>
    </Filter>
    <Filter Include="资源文件">
      <UniqueIdentifier>{67DA6AB6-F800-4c08-8B7A-83BB121AAD01}</UniqueIdentifier>
      <Extensions>rc;ico;cur;bmp;dlg;rc2;rct;bin;rgs;gif;jpg;jpeg;jpe;resx;tiff;tif;png;wav</Extensions>
    </Filter>
    <Filter Include="lib">
      <UniqueIdentifier>{98483e47-529e-4082-bcd4-33bdb8e912b3}</UniqueIdentifier>
    </Filter>
    <Filter Include="lib\xml">
      <UniqueIdentifier>{4ccd48a8-24dd-4c76-a8bd-46b08f6f4f57}</UniqueIdentifier>
    </Filter>
    <Filter Include="lib\zhlist">
      <UniqueIdentifier>{d87c9e30-1df9-4ce9-80c1-8c19db341292}</UniqueIdentifier>
    </Filter>
    <Filter Include="lib\ck_net">
      <UniqueIdentifier>{864c47ce-c69b-4aec-9f23-f23543467d97}</UniqueIdentifier>
    </Filter>
  </ItemGroup>
  <ItemGroup>
    <ClCompile Include="src\cfg_operator.c">
      <Filter>源文件</Filter>
    </ClCompile>
    <ClCompile Include="src\ck_assist.c">
      <Filter>源文件</Filter>
    </ClCompile>
    <ClCompile Include="src\data_collect.c">
      <Filter>源文件</Filter>
    </ClCompile>
    <ClCompile Include="src\main.c">
      <Filter>源文件</Filter>
    </ClCompile>
    <ClCompile Include="src\proc.c">
      <Filter>源文件</Filter>
    </ClCompile>
    <ClCompile Include="src\tcp_logic.c">
      <Filter>源文件</Filter>
    </ClCompile>
    <ClCompile Include="ck_net\platform.c">
      <Filter>lib\ck_net</Filter>
    </ClCompile>
    <ClCompile Include="ck_net\socket.c">
      <Filter>lib\ck_net</Filter>
    </ClCompile>
    <ClCompile Include="xml\mxml-string.c">
      <Filter>lib\xml</Filter>
    </ClCompile>
    <ClCompile Include="xml\encoding.c">
      <Filter>lib\xml</Filter>
    </ClCompile>
    <ClCompile Include="xml\mxml-attr.c">
      <Filter>lib\xml</Filter>
    </ClCompile>
    <ClCompile Include="xml\mxml-entity.c">
      <Filter>lib\xml</Filter>
    </ClCompile>
    <ClCompile Include="xml\mxml-file.c">
      <Filter>lib\xml</Filter>
    </ClCompile>
    <ClCompile Include="xml\mxml-get.c">
      <Filter>lib\xml</Filter>
    </ClCompile>
    <ClCompile Include="xml\mxml-index.c">
      <Filter>lib\xml</Filter>
    </ClCompile>
    <ClCompile Include="xml\mxml-node.c">
      <Filter>lib\xml</Filter>
    </ClCompile>
    <ClCompile Include="xml\mxml-private.c">
      <Filter>lib\xml</Filter>
    </ClCompile>
    <ClCompile Include="xml\mxml-search.c">
      <Filter>lib\xml</Filter>
    </ClCompile>
    <ClCompile Include="xml\mxml-set.c">
      <Filter>lib\xml</Filter>
    </ClCompile>
    <ClCompile Include="zhlist\zhlist.c">
      <Filter>lib\zhlist</Filter>
    </ClCompile>
    <ClCompile Include="zhlist\zhlist_exp.c">
      <Filter>lib\zhlist</Filter>
    </ClCompile>
  </ItemGroup>
  <ItemGroup>
    <ClInclude Include="src\cfg_operator.h">
      <Filter>头文件</Filter>
    </ClInclude>
    <ClInclude Include="src\ck_assist.h">
      <Filter>头文件</Filter>
    </ClInclude>
    <ClInclude Include="src\ck_define.h">
      <Filter>头文件</Filter>
    </ClInclude>
    <ClInclude Include="src\data_cmdlist.h">
      <Filter>头文件</Filter>
    </ClInclude>
    <ClInclude Include="src\data_collect.h">
      <Filter>头文件</Filter>
    </ClInclude>
    <ClInclude Include="src\data_info.h">
      <Filter>头文件</Filter>
    </ClInclude>
    <ClInclude Include="src\filelist.h">
      <Filter>头文件</Filter>
    </ClInclude>
    <ClInclude Include="src\proc.h">
      <Filter>头文件</Filter>
    </ClInclude>
    <ClInclude Include="src\tcp_logic.h">
      <Filter>头文件</Filter>
    </ClInclude>
    <ClInclude Include="ck_net\platform.h">
      <Filter>lib\ck_net</Filter>
    </ClInclude>
    <ClInclude Include="ck_net\socket.h">
      <Filter>lib\ck_net</Filter>
    </ClInclude>
    <ClInclude Include="xml\config.h">
      <Filter>lib\xml</Filter>
    </ClInclude>
    <ClInclude Include="xml\encoding.h">
      <Filter>lib\xml</Filter>
    </ClInclude>
    <ClInclude Include="xml\mxml.h">
      <Filter>lib\xml</Filter>
    </ClInclude>
    <ClInclude Include="xml\mxml-private.h">
      <Filter>lib\xml</Filter>
    </ClInclude>
    <ClInclude Include="zhlist\zhlist.h">
      <Filter>lib\zhlist</Filter>
    </ClInclude>
    <ClInclude Include="zhlist\zhlist_exp.h">
      <Filter>lib\zhlist</Filter>
    </ClInclude>
    <ClInclude Include="src\findfiles.h">
      <Filter>头文件</Filter>
    </ClInclude>
    <ClInclude Include="src\os_define.h">
      <Filter>头文件</Filter>
    </ClInclude>
    <ClInclude Include="src\micro.h">
      <Filter>头文件</Filter>
    </ClInclude>
  </ItemGroup>
  <ItemGroup>
    <Text Include="ReadMe.txt" />
  </ItemGroup>
</Project>